
Microsoft Visual Studio Solution File, Format Version 12.00
# Visual Studio 15
VisualStudioVersion = 15.0.27703.2042
MinimumVisualStudioVersion = 10.0.40219.1
Project("{E53339B2-1760-4266-BCC7-CA923CBCF16C}") = "docker-compose", "docker-compose.dcproj", "{AF5BAFD2-8F35-451A-85F6-A0DBE9B81046}"
EndProject
Project("{9A19103F-16F7-4668-BE54-9A1E7A4F7556}") = "Demo.WebApi", "Demo.WebApi\Demo.WebApi.csproj", "{3FA54F91-5C99-460E-AD40-5C831CAA5B36}"
EndProject
Global
	GlobalSection(SolutionConfigurationPlatforms) = preSolution
		Debug|Any CPU = Debug|Any CPU
		Release|Any CPU = Release|Any CPU
	EndGlobalSection
	GlobalSection(ProjectConfigurationPlatforms) = postSolution
		{AF5BAFD2-8F35-451A-85F6-A0DBE9B81046}.Debug|Any CPU.ActiveCfg = Debug|Any CPU
		{AF5BAFD2-8F35-451A-85F6-A0DBE9B81046}.Debug|Any CPU.Build.0 = Debug|Any CPU
		{AF5BAFD2-8F35-451A-85F6-A0DBE9B81046}.Release|Any CPU.ActiveCfg = Release|Any CPU
		{AF5BAFD2-8F35-451A-85F6-A0DBE9B81046}.Release|Any CPU.Build.0 = Release|Any CPU
		{3FA54F91-5C99-460E-AD40-5C831CAA5B36}.Debug|Any CPU.ActiveCfg = Debug|Any CPU
		{3FA54F91-5C99-460E-AD40-5C831CAA5B36}.Debug|Any CPU.Build.0 = Debug|Any CPU
		{3FA54F91-5C99-460E-AD40-5C831CAA5B36}.Release|Any CPU.ActiveCfg = Release|Any CPU
		{3FA54F91-5C99-460E-AD40-5C831CAA5B36}.Release|Any CPU.Build.0 = Release|Any CPU
	EndGlobalSection
	GlobalSection(SolutionProperties) = preSolution
		HideSolutionNode = FALSE
	EndGlobalSection
	GlobalSection(ExtensibilityGlobals) = postSolution
		SolutionGuid = {B4C6C482-1100-4663-83C9-E887983A5FD0}
	EndGlobalSection
EndGlobal
