
Microsoft Visual Studio Solution File, Format Version 12.00
# Visual Studio 15
VisualStudioVersion = 15.0.27703.2042
MinimumVisualStudioVersion = 10.0.40219.1
Project("{E53339B2-1760-4266-BCC7-CA923CBCF16C}") = "docker-compose", "docker-compose.dcproj", "{AF5BAFD2-8F35-451A-85F6-A0DBE9B81046}"
EndProject
Project("{9A19103F-16F7-4668-BE54-9A1E7A4F7556}") = "Demo.WebApi", "Demo.WebApi\Demo.WebApi.csproj", "{3FA54F91-5C99-460E-AD40-5C831CAA5B36}"
EndProject
Project("{9A19103F-16F7-4668-BE54-9A1E7A4F7556}") = "Demo.QueueDemo", "Demo.QueueDemo\Demo.QueueDemo.csproj", "{189EE27C-5AFC-4AA0-920D-29058B8C05DD}"
EndProject
Project("{FAE04EC0-301F-11D3-BF4B-00C04F79EFBC}") = "Demo.DataSplider", "..\Demo.DataSplider\Demo.DataSplider.csproj", "{97539FDA-97EA-435E-93DB-C0E4EFE852B5}"
EndProject
Project("{2150E333-8FDC-42A3-9474-1A3956D46DE8}") = "Splider", "Splider", "{1F2A93F4-AF1D-4CEC-904E-71014192B096}"
EndProject
Project("{2150E333-8FDC-42A3-9474-1A3956D46DE8}") = "Queue", "Queue", "{16B4F562-2374-4E97-B0AF-AF76070E2807}"
EndProject
Global
	GlobalSection(SolutionConfigurationPlatforms) = preSolution
		Debug|Any CPU = Debug|Any CPU
		Release|Any CPU = Release|Any CPU
	EndGlobalSection
	GlobalSection(ProjectConfigurationPlatforms) = postSolution
		{AF5BAFD2-8F35-451A-85F6-A0DBE9B81046}.Debug|Any CPU.ActiveCfg = Debug|Any CPU
		{AF5BAFD2-8F35-451A-85F6-A0DBE9B81046}.Debug|Any CPU.Build.0 = Debug|Any CPU
		{AF5BAFD2-8F35-451A-85F6-A0DBE9B81046}.Release|Any CPU.ActiveCfg = Release|Any CPU
		{AF5BAFD2-8F35-451A-85F6-A0DBE9B81046}.Release|Any CPU.Build.0 = Release|Any CPU
		{3FA54F91-5C99-460E-AD40-5C831CAA5B36}.Debug|Any CPU.ActiveCfg = Debug|Any CPU
		{3FA54F91-5C99-460E-AD40-5C831CAA5B36}.Debug|Any CPU.Build.0 = Debug|Any CPU
		{3FA54F91-5C99-460E-AD40-5C831CAA5B36}.Release|Any CPU.ActiveCfg = Release|Any CPU
		{3FA54F91-5C99-460E-AD40-5C831CAA5B36}.Release|Any CPU.Build.0 = Release|Any CPU
		{189EE27C-5AFC-4AA0-920D-29058B8C05DD}.Debug|Any CPU.ActiveCfg = Debug|Any CPU
		{189EE27C-5AFC-4AA0-920D-29058B8C05DD}.Debug|Any CPU.Build.0 = Debug|Any CPU
		{189EE27C-5AFC-4AA0-920D-29058B8C05DD}.Release|Any CPU.ActiveCfg = Release|Any CPU
		{189EE27C-5AFC-4AA0-920D-29058B8C05DD}.Release|Any CPU.Build.0 = Release|Any CPU
		{97539FDA-97EA-435E-93DB-C0E4EFE852B5}.Debug|Any CPU.ActiveCfg = Debug|Any CPU
		{97539FDA-97EA-435E-93DB-C0E4EFE852B5}.Debug|Any CPU.Build.0 = Debug|Any CPU
		{97539FDA-97EA-435E-93DB-C0E4EFE852B5}.Release|Any CPU.ActiveCfg = Release|Any CPU
		{97539FDA-97EA-435E-93DB-C0E4EFE852B5}.Release|Any CPU.Build.0 = Release|Any CPU
	EndGlobalSection
	GlobalSection(SolutionProperties) = preSolution
		HideSolutionNode = FALSE
	EndGlobalSection
	GlobalSection(NestedProjects) = preSolution
		{189EE27C-5AFC-4AA0-920D-29058B8C05DD} = {16B4F562-2374-4E97-B0AF-AF76070E2807}
		{97539FDA-97EA-435E-93DB-C0E4EFE852B5} = {1F2A93F4-AF1D-4CEC-904E-71014192B096}
	EndGlobalSection
	GlobalSection(ExtensibilityGlobals) = postSolution
		SolutionGuid = {B4C6C482-1100-4663-83C9-E887983A5FD0}
	EndGlobalSection
EndGlobal
