
Microsoft Visual Studio Solution File, Format Version 12.00
# Visual Studio 15
VisualStudioVersion = 15.0.27703.2042
MinimumVisualStudioVersion = 10.0.40219.1
Project("{E53339B2-1760-4266-BCC7-CA923CBCF16C}") = "docker-compose", "docker-compose.dcproj", "{AF5BAFD2-8F35-451A-85F6-A0DBE9B81046}"
EndProject
Project("{9A19103F-16F7-4668-BE54-9A1E7A4F7556}") = "Demo.WebApi", "Demo.WebApi\Demo.WebApi.csproj", "{3FA54F91-5C99-460E-AD40-5C831CAA5B36}"
EndProject
Project("{9A19103F-16F7-4668-BE54-9A1E7A4F7556}") = "Demo.QueueDemo", "Demo.QueueDemo\Demo.QueueDemo.csproj", "{189EE27C-5AFC-4AA0-920D-29058B8C05DD}"
EndProject
Project("{2150E333-8FDC-42A3-9474-1A3956D46DE8}") = "Splider爬虫", "Splider爬虫", "{1F2A93F4-AF1D-4CEC-904E-71014192B096}"
EndProject
Project("{2150E333-8FDC-42A3-9474-1A3956D46DE8}") = "Queue简易队列", "Queue简易队列", "{16B4F562-2374-4E97-B0AF-AF76070E2807}"
EndProject
Project("{9A19103F-16F7-4668-BE54-9A1E7A4F7556}") = "Demo.DataSplider", "Demo.DataSplider\Demo.DataSplider.csproj", "{FBAADB49-313A-4D01-8BA9-73DA35B718EB}"
EndProject
Project("{2150E333-8FDC-42A3-9474-1A3956D46DE8}") = "Zipkin4NetDemo分布式追踪系统", "Zipkin4NetDemo分布式追踪系统", "{3870942A-38B7-4833-8C46-3EBE6D3B7B25}"
EndProject
Project("{9A19103F-16F7-4668-BE54-9A1E7A4F7556}") = "Demo.ZipkinCommon", "Demo.ZipkinCommon\Demo.ZipkinCommon.csproj", "{0B854B5F-3C07-448A-843E-BEFC606C9DF0}"
EndProject
Project("{9A19103F-16F7-4668-BE54-9A1E7A4F7556}") = "Demo.ZipKinService", "Demo.ZipKinService\Demo.ZipKinService.csproj", "{B24BADBF-75FC-44F1-9FD4-0BED1B3AD71A}"
EndProject
Project("{2150E333-8FDC-42A3-9474-1A3956D46DE8}") = "FanQuick快速开发框架", "FanQuick快速开发框架", "{996EED7B-B01F-4411-BACA-D78D8C33F630}"
EndProject
Project("{9A19103F-16F7-4668-BE54-9A1E7A4F7556}") = "FanQuick.Repository", "FanQuick.Repository\FanQuick.Repository.csproj", "{3E8E5836-FEE6-4EF8-B922-C0DC57E65BAB}"
EndProject
Project("{9A19103F-16F7-4668-BE54-9A1E7A4F7556}") = "Demo.ZipKinWeb", "Demo.ZipKinWeb\Demo.ZipKinWeb.csproj", "{B733F442-4F96-487A-8EA2-B2973D1A9562}"
EndProject
Project("{9A19103F-16F7-4668-BE54-9A1E7A4F7556}") = "Demo.ZipKinWeb2", "Demo.ZipKinWeb2\Demo.ZipKinWeb2.csproj", "{AC9419AC-0418-43F3-895C-7886D7672D20}"
EndProject
Project("{9A19103F-16F7-4668-BE54-9A1E7A4F7556}") = "FanQuick.Config", "FanQuick.Config\FanQuick.Config.csproj", "{08FA8D9E-B3ED-4BD9-B472-74CB31ADBC5F}"
EndProject
Project("{2150E333-8FDC-42A3-9474-1A3956D46DE8}") = "NetCore基础知识", "NetCore基础知识", "{C44FC2A6-1404-4252-B6D7-9F5E121F9895}"
EndProject
Project("{9A19103F-16F7-4668-BE54-9A1E7A4F7556}") = "Demo.ZipKinModels", "Demo.ZipKinModels\Demo.ZipKinModels.csproj", "{C29A6609-93BA-42CD-ADDA-AE323B4AAE6A}"
EndProject
Project("{2150E333-8FDC-42A3-9474-1A3956D46DE8}") = "博客同步", "博客同步", "{4447498A-42CE-42FC-A599-BE10D02E1514}"
EndProject
Project("{9A19103F-16F7-4668-BE54-9A1E7A4F7556}") = "BlogSync", "BlogSYNC\BlogSync.csproj", "{34BB2148-1826-451A-99C6-FDA696E388EB}"
EndProject
Global
	GlobalSection(SolutionConfigurationPlatforms) = preSolution
		Debug|Any CPU = Debug|Any CPU
		Release|Any CPU = Release|Any CPU
	EndGlobalSection
	GlobalSection(ProjectConfigurationPlatforms) = postSolution
		{AF5BAFD2-8F35-451A-85F6-A0DBE9B81046}.Debug|Any CPU.ActiveCfg = Debug|Any CPU
		{AF5BAFD2-8F35-451A-85F6-A0DBE9B81046}.Debug|Any CPU.Build.0 = Debug|Any CPU
		{AF5BAFD2-8F35-451A-85F6-A0DBE9B81046}.Release|Any CPU.ActiveCfg = Release|Any CPU
		{AF5BAFD2-8F35-451A-85F6-A0DBE9B81046}.Release|Any CPU.Build.0 = Release|Any CPU
		{3FA54F91-5C99-460E-AD40-5C831CAA5B36}.Debug|Any CPU.ActiveCfg = Debug|Any CPU
		{3FA54F91-5C99-460E-AD40-5C831CAA5B36}.Debug|Any CPU.Build.0 = Debug|Any CPU
		{3FA54F91-5C99-460E-AD40-5C831CAA5B36}.Release|Any CPU.ActiveCfg = Release|Any CPU
		{3FA54F91-5C99-460E-AD40-5C831CAA5B36}.Release|Any CPU.Build.0 = Release|Any CPU
		{189EE27C-5AFC-4AA0-920D-29058B8C05DD}.Debug|Any CPU.ActiveCfg = Debug|Any CPU
		{189EE27C-5AFC-4AA0-920D-29058B8C05DD}.Debug|Any CPU.Build.0 = Debug|Any CPU
		{189EE27C-5AFC-4AA0-920D-29058B8C05DD}.Release|Any CPU.ActiveCfg = Release|Any CPU
		{189EE27C-5AFC-4AA0-920D-29058B8C05DD}.Release|Any CPU.Build.0 = Release|Any CPU
		{FBAADB49-313A-4D01-8BA9-73DA35B718EB}.Debug|Any CPU.ActiveCfg = Debug|Any CPU
		{FBAADB49-313A-4D01-8BA9-73DA35B718EB}.Debug|Any CPU.Build.0 = Debug|Any CPU
		{FBAADB49-313A-4D01-8BA9-73DA35B718EB}.Release|Any CPU.ActiveCfg = Release|Any CPU
		{FBAADB49-313A-4D01-8BA9-73DA35B718EB}.Release|Any CPU.Build.0 = Release|Any CPU
		{0B854B5F-3C07-448A-843E-BEFC606C9DF0}.Debug|Any CPU.ActiveCfg = Debug|Any CPU
		{0B854B5F-3C07-448A-843E-BEFC606C9DF0}.Debug|Any CPU.Build.0 = Debug|Any CPU
		{0B854B5F-3C07-448A-843E-BEFC606C9DF0}.Release|Any CPU.ActiveCfg = Release|Any CPU
		{0B854B5F-3C07-448A-843E-BEFC606C9DF0}.Release|Any CPU.Build.0 = Release|Any CPU
		{B24BADBF-75FC-44F1-9FD4-0BED1B3AD71A}.Debug|Any CPU.ActiveCfg = Debug|Any CPU
		{B24BADBF-75FC-44F1-9FD4-0BED1B3AD71A}.Debug|Any CPU.Build.0 = Debug|Any CPU
		{B24BADBF-75FC-44F1-9FD4-0BED1B3AD71A}.Release|Any CPU.ActiveCfg = Release|Any CPU
		{B24BADBF-75FC-44F1-9FD4-0BED1B3AD71A}.Release|Any CPU.Build.0 = Release|Any CPU
		{3E8E5836-FEE6-4EF8-B922-C0DC57E65BAB}.Debug|Any CPU.ActiveCfg = Debug|Any CPU
		{3E8E5836-FEE6-4EF8-B922-C0DC57E65BAB}.Debug|Any CPU.Build.0 = Debug|Any CPU
		{3E8E5836-FEE6-4EF8-B922-C0DC57E65BAB}.Release|Any CPU.ActiveCfg = Release|Any CPU
		{3E8E5836-FEE6-4EF8-B922-C0DC57E65BAB}.Release|Any CPU.Build.0 = Release|Any CPU
		{B733F442-4F96-487A-8EA2-B2973D1A9562}.Debug|Any CPU.ActiveCfg = Debug|Any CPU
		{B733F442-4F96-487A-8EA2-B2973D1A9562}.Debug|Any CPU.Build.0 = Debug|Any CPU
		{B733F442-4F96-487A-8EA2-B2973D1A9562}.Release|Any CPU.ActiveCfg = Release|Any CPU
		{B733F442-4F96-487A-8EA2-B2973D1A9562}.Release|Any CPU.Build.0 = Release|Any CPU
		{AC9419AC-0418-43F3-895C-7886D7672D20}.Debug|Any CPU.ActiveCfg = Debug|Any CPU
		{AC9419AC-0418-43F3-895C-7886D7672D20}.Debug|Any CPU.Build.0 = Debug|Any CPU
		{AC9419AC-0418-43F3-895C-7886D7672D20}.Release|Any CPU.ActiveCfg = Release|Any CPU
		{AC9419AC-0418-43F3-895C-7886D7672D20}.Release|Any CPU.Build.0 = Release|Any CPU
		{08FA8D9E-B3ED-4BD9-B472-74CB31ADBC5F}.Debug|Any CPU.ActiveCfg = Debug|Any CPU
		{08FA8D9E-B3ED-4BD9-B472-74CB31ADBC5F}.Debug|Any CPU.Build.0 = Debug|Any CPU
		{08FA8D9E-B3ED-4BD9-B472-74CB31ADBC5F}.Release|Any CPU.ActiveCfg = Release|Any CPU
		{08FA8D9E-B3ED-4BD9-B472-74CB31ADBC5F}.Release|Any CPU.Build.0 = Release|Any CPU
		{C29A6609-93BA-42CD-ADDA-AE323B4AAE6A}.Debug|Any CPU.ActiveCfg = Debug|Any CPU
		{C29A6609-93BA-42CD-ADDA-AE323B4AAE6A}.Debug|Any CPU.Build.0 = Debug|Any CPU
		{C29A6609-93BA-42CD-ADDA-AE323B4AAE6A}.Release|Any CPU.ActiveCfg = Release|Any CPU
		{C29A6609-93BA-42CD-ADDA-AE323B4AAE6A}.Release|Any CPU.Build.0 = Release|Any CPU
		{34BB2148-1826-451A-99C6-FDA696E388EB}.Debug|Any CPU.ActiveCfg = Debug|Any CPU
		{34BB2148-1826-451A-99C6-FDA696E388EB}.Debug|Any CPU.Build.0 = Debug|Any CPU
		{34BB2148-1826-451A-99C6-FDA696E388EB}.Release|Any CPU.ActiveCfg = Release|Any CPU
		{34BB2148-1826-451A-99C6-FDA696E388EB}.Release|Any CPU.Build.0 = Release|Any CPU
	EndGlobalSection
	GlobalSection(SolutionProperties) = preSolution
		HideSolutionNode = FALSE
	EndGlobalSection
	GlobalSection(NestedProjects) = preSolution
		{3FA54F91-5C99-460E-AD40-5C831CAA5B36} = {C44FC2A6-1404-4252-B6D7-9F5E121F9895}
		{189EE27C-5AFC-4AA0-920D-29058B8C05DD} = {16B4F562-2374-4E97-B0AF-AF76070E2807}
		{FBAADB49-313A-4D01-8BA9-73DA35B718EB} = {1F2A93F4-AF1D-4CEC-904E-71014192B096}
		{0B854B5F-3C07-448A-843E-BEFC606C9DF0} = {3870942A-38B7-4833-8C46-3EBE6D3B7B25}
		{B24BADBF-75FC-44F1-9FD4-0BED1B3AD71A} = {3870942A-38B7-4833-8C46-3EBE6D3B7B25}
		{3E8E5836-FEE6-4EF8-B922-C0DC57E65BAB} = {996EED7B-B01F-4411-BACA-D78D8C33F630}
		{B733F442-4F96-487A-8EA2-B2973D1A9562} = {3870942A-38B7-4833-8C46-3EBE6D3B7B25}
		{AC9419AC-0418-43F3-895C-7886D7672D20} = {3870942A-38B7-4833-8C46-3EBE6D3B7B25}
		{08FA8D9E-B3ED-4BD9-B472-74CB31ADBC5F} = {996EED7B-B01F-4411-BACA-D78D8C33F630}
		{C29A6609-93BA-42CD-ADDA-AE323B4AAE6A} = {3870942A-38B7-4833-8C46-3EBE6D3B7B25}
		{34BB2148-1826-451A-99C6-FDA696E388EB} = {4447498A-42CE-42FC-A599-BE10D02E1514}
	EndGlobalSection
	GlobalSection(ExtensibilityGlobals) = postSolution
		SolutionGuid = {B4C6C482-1100-4663-83C9-E887983A5FD0}
	EndGlobalSection
EndGlobal
